{
  "name": "test-npm",
  "version": "1.0.0",
  "lockfileVersion": 1,
  "requires": true,
  "dependencies": {
    "npm-demo-pkg-by-najathi": {
      "version": "1.0.0",
      "resolved": "https://registry.npmjs.org/npm-demo-pkg-by-najathi/-/npm-demo-pkg-by-najathi-1.0.0.tgz",
      "integrity": "sha512-z6N4YZkHVINCeNjJtr3xAU43OFaLvA1nuWhTo2VfvBAKHwS7crveugBGMkFO7tF8lKdjXHU8sGb+x2Vpu4vOEg=="
    }
  }
}
